
Microsoft Visual Studio Solution File, Format Version 12.00
# Visual Studio Version 17
VisualStudioVersion = 17.8.34330.188
MinimumVisualStudioVersion = 10.0.40219.1
Project("{9A19103F-16F7-4668-BE54-9A1E7A4F7556}") = "Product.WebApi", "Product.WebApi\Product.WebApi.csproj", "{8F7FD9FD-3B9B-47A8-8237-4ACD0716ABB3}"
EndProject
Project("{9A19103F-16F7-4668-BE54-9A1E7A4F7556}") = "Product.Application", "Product.Application\Product.Application.csproj", "{B6C3D420-C30B-4E0B-9EF2-1D54670AD93E}"
EndProject
Project("{9A19103F-16F7-4668-BE54-9A1E7A4F7556}") = "Product.Domain", "Product.Domain\Product.Domain.csproj", "{BE142427-0842-4B8B-AA11-AE4343FFE8B9}"
EndProject
Project("{9A19103F-16F7-4668-BE54-9A1E7A4F7556}") = "Product.Infrastructure", "Product.Infrastructure\Product.Infrastructure.csproj", "{92F7875B-1624-42E2-B4F6-D55CA560FF88}"
EndProject
Project("{FAE04EC0-301F-11D3-BF4B-00C04F79EFBC}") = "Product.UnitTests", "Product.UnitTests\Product.UnitTests.csproj", "{57849C65-805A-4FA8-A04C-1BDA1CDDC103}"
EndProject
Project("{FAE04EC0-301F-11D3-BF4B-00C04F79EFBC}") = "Product.IntegrationTest", "Product.IntegrationTest\Product.IntegrationTest.csproj", "{1C7D212D-553B-458F-B969-0F3E88E6B35E}"
EndProject
Project("{E53339B2-1760-4266-BCC7-CA923CBCF16C}") = "docker-compose", "docker-compose.dcproj", "{65A294DA-8FB2-410A-A683-0695628D1178}"
EndProject
Project("{FAE04EC0-301F-11D3-BF4B-00C04F79EFBC}") = "ProductSolution.AppHost", "ProductSolution.AppHost\ProductSolution.AppHost.csproj", "{97407D66-D88C-4B76-8145-762C4D28395E}"
EndProject
Project("{FAE04EC0-301F-11D3-BF4B-00C04F79EFBC}") = "ProductSolution.ServiceDefaults", "ProductSolution.ServiceDefaults\ProductSolution.ServiceDefaults.csproj", "{0829D38B-F3EC-440D-B296-6DDFA6E6903A}"
EndProject
Project("{54A90642-561A-4BB1-A94E-469ADEE60C69}") = "angularapp1.client", "angularapp1.client\angularapp1.client.esproj", "{3A831251-C35F-4180-B66A-A847E21435C4}"
EndProject
Global
	GlobalSection(SolutionConfigurationPlatforms) = preSolution
		Debug|Any CPU = Debug|Any CPU
		Release|Any CPU = Release|Any CPU
	EndGlobalSection
	GlobalSection(ProjectConfigurationPlatforms) = postSolution
		{8F7FD9FD-3B9B-47A8-8237-4ACD0716ABB3}.Debug|Any CPU.ActiveCfg = Debug|Any CPU
		{8F7FD9FD-3B9B-47A8-8237-4ACD0716ABB3}.Debug|Any CPU.Build.0 = Debug|Any CPU
		{8F7FD9FD-3B9B-47A8-8237-4ACD0716ABB3}.Release|Any CPU.ActiveCfg = Release|Any CPU
		{8F7FD9FD-3B9B-47A8-8237-4ACD0716ABB3}.Release|Any CPU.Build.0 = Release|Any CPU
		{B6C3D420-C30B-4E0B-9EF2-1D54670AD93E}.Debug|Any CPU.ActiveCfg = Debug|Any CPU
		{B6C3D420-C30B-4E0B-9EF2-1D54670AD93E}.Debug|Any CPU.Build.0 = Debug|Any CPU
		{B6C3D420-C30B-4E0B-9EF2-1D54670AD93E}.Release|Any CPU.ActiveCfg = Release|Any CPU
		{B6C3D420-C30B-4E0B-9EF2-1D54670AD93E}.Release|Any CPU.Build.0 = Release|Any CPU
		{BE142427-0842-4B8B-AA11-AE4343FFE8B9}.Debug|Any CPU.ActiveCfg = Debug|Any CPU
		{BE142427-0842-4B8B-AA11-AE4343FFE8B9}.Debug|Any CPU.Build.0 = Debug|Any CPU
		{BE142427-0842-4B8B-AA11-AE4343FFE8B9}.Release|Any CPU.ActiveCfg = Release|Any CPU
		{BE142427-0842-4B8B-AA11-AE4343FFE8B9}.Release|Any CPU.Build.0 = Release|Any CPU
		{92F7875B-1624-42E2-B4F6-D55CA560FF88}.Debug|Any CPU.ActiveCfg = Debug|Any CPU
		{92F7875B-1624-42E2-B4F6-D55CA560FF88}.Debug|Any CPU.Build.0 = Debug|Any CPU
		{92F7875B-1624-42E2-B4F6-D55CA560FF88}.Release|Any CPU.ActiveCfg = Release|Any CPU
		{92F7875B-1624-42E2-B4F6-D55CA560FF88}.Release|Any CPU.Build.0 = Release|Any CPU
		{57849C65-805A-4FA8-A04C-1BDA1CDDC103}.Debug|Any CPU.ActiveCfg = Debug|Any CPU
		{57849C65-805A-4FA8-A04C-1BDA1CDDC103}.Debug|Any CPU.Build.0 = Debug|Any CPU
		{57849C65-805A-4FA8-A04C-1BDA1CDDC103}.Release|Any CPU.ActiveCfg = Release|Any CPU
		{57849C65-805A-4FA8-A04C-1BDA1CDDC103}.Release|Any CPU.Build.0 = Release|Any CPU
		{1C7D212D-553B-458F-B969-0F3E88E6B35E}.Debug|Any CPU.ActiveCfg = Debug|Any CPU
		{1C7D212D-553B-458F-B969-0F3E88E6B35E}.Debug|Any CPU.Build.0 = Debug|Any CPU
		{1C7D212D-553B-458F-B969-0F3E88E6B35E}.Release|Any CPU.ActiveCfg = Release|Any CPU
		{1C7D212D-553B-458F-B969-0F3E88E6B35E}.Release|Any CPU.Build.0 = Release|Any CPU
		{65A294DA-8FB2-410A-A683-0695628D1178}.Debug|Any CPU.ActiveCfg = Debug|Any CPU
		{65A294DA-8FB2-410A-A683-0695628D1178}.Debug|Any CPU.Build.0 = Debug|Any CPU
		{65A294DA-8FB2-410A-A683-0695628D1178}.Release|Any CPU.ActiveCfg = Release|Any CPU
		{65A294DA-8FB2-410A-A683-0695628D1178}.Release|Any CPU.Build.0 = Release|Any CPU
		{97407D66-D88C-4B76-8145-762C4D28395E}.Debug|Any CPU.ActiveCfg = Debug|Any CPU
		{97407D66-D88C-4B76-8145-762C4D28395E}.Debug|Any CPU.Build.0 = Debug|Any CPU
		{97407D66-D88C-4B76-8145-762C4D28395E}.Release|Any CPU.ActiveCfg = Release|Any CPU
		{97407D66-D88C-4B76-8145-762C4D28395E}.Release|Any CPU.Build.0 = Release|Any CPU
		{0829D38B-F3EC-440D-B296-6DDFA6E6903A}.Debug|Any CPU.ActiveCfg = Debug|Any CPU
		{0829D38B-F3EC-440D-B296-6DDFA6E6903A}.Debug|Any CPU.Build.0 = Debug|Any CPU
		{0829D38B-F3EC-440D-B296-6DDFA6E6903A}.Release|Any CPU.ActiveCfg = Release|Any CPU
		{0829D38B-F3EC-440D-B296-6DDFA6E6903A}.Release|Any CPU.Build.0 = Release|Any CPU
		{3A831251-C35F-4180-B66A-A847E21435C4}.Debug|Any CPU.ActiveCfg = Debug|Any CPU
		{3A831251-C35F-4180-B66A-A847E21435C4}.Debug|Any CPU.Build.0 = Debug|Any CPU
		{3A831251-C35F-4180-B66A-A847E21435C4}.Debug|Any CPU.Deploy.0 = Debug|Any CPU
		{3A831251-C35F-4180-B66A-A847E21435C4}.Release|Any CPU.ActiveCfg = Release|Any CPU
		{3A831251-C35F-4180-B66A-A847E21435C4}.Release|Any CPU.Build.0 = Release|Any CPU
		{3A831251-C35F-4180-B66A-A847E21435C4}.Release|Any CPU.Deploy.0 = Release|Any CPU
	EndGlobalSection
	GlobalSection(SolutionProperties) = preSolution
		HideSolutionNode = FALSE
	EndGlobalSection
	GlobalSection(ExtensibilityGlobals) = postSolution
		SolutionGuid = {2FF46057-EF60-46EF-A46E-542C41C86755}
	EndGlobalSection
EndGlobal
